
Microsoft Visual Studio Solution File, Format Version 12.00
# Visual Studio 15
VisualStudioVersion = 15.0.27703.2035
MinimumVisualStudioVersion = 10.0.40219.1
Project("{FAE04EC0-301F-11D3-BF4B-00C04F79EFBC}") = "personal", "personal\personal.csproj", "{A15C3710-25F1-4D08-84BE-03D46566BD72}"
EndProject
Global
	GlobalSection(SolutionConfigurationPlatforms) = preSolution
		Debug|Any CPU = Debug|Any CPU
		Release|Any CPU = Release|Any CPU
	EndGlobalSection
	GlobalSection(ProjectConfigurationPlatforms) = postSolution
		{A15C3710-25F1-4D08-84BE-03D46566BD72}.Debug|Any CPU.ActiveCfg = Debug|Any CPU
		{A15C3710-25F1-4D08-84BE-03D46566BD72}.Debug|Any CPU.Build.0 = Debug|Any CPU
		{A15C3710-25F1-4D08-84BE-03D46566BD72}.Release|Any CPU.ActiveCfg = Release|Any CPU
		{A15C3710-25F1-4D08-84BE-03D46566BD72}.Release|Any CPU.Build.0 = Release|Any CPU
	EndGlobalSection
	GlobalSection(SolutionProperties) = preSolution
		HideSolutionNode = FALSE
	EndGlobalSection
	GlobalSection(ExtensibilityGlobals) = postSolution
		SolutionGuid = {B572A489-E8D2-4492-9265-B14CFF3BB19B}
	EndGlobalSection
EndGlobal
